
Microsoft Visual Studio Solution File, Format Version 12.00
# Visual Studio Version 17
VisualStudioVersion = 17.5.33424.131
MinimumVisualStudioVersion = 10.0.40219.1
Project("{9A19103F-16F7-4668-BE54-9A1E7A4F7556}") = "Voyager.DBConnection", "src\Voyager.DBConnection\Voyager.DBConnection.csproj", "{25E2A1B7-B984-465A-9B18-FFD3BE7A6DF8}"
EndProject
Project("{9A19103F-16F7-4668-BE54-9A1E7A4F7556}") = "Voyager.DBConnection.Logging", "src\Voyager.DBConnection.Logging\Voyager.DBConnection.Logging.csproj", "{13C336D5-9006-4BD4-BE04-1F1FAD76F32F}"
EndProject
Project("{9A19103F-16F7-4668-BE54-9A1E7A4F7556}") = "Voyager.DBConnection.MsSql", "src\Voyager.DBConnection.MsSql\Voyager.DBConnection.MsSql.csproj", "{C24ABF1D-0D65-4D13-8358-942C21F9A7C1}"
EndProject
Project("{2150E333-8FDC-42A3-9474-1A3956D46DE8}") = "src", "src", "{925A5098-028F-44D9-9AFE-0314C34A678D}"
EndProject
Project("{2150E333-8FDC-42A3-9474-1A3956D46DE8}") = "test", "test", "{7C37BE89-B2D6-4627-89DF-89CD4F40F968}"
EndProject
Project("{9A19103F-16F7-4668-BE54-9A1E7A4F7556}") = "Voyager.DBConnection.Test", "test\Voyager.DBConnection.Test\Voyager.DBConnection.Test.csproj", "{8C1AFB40-01F6-46D6-B745-5C8952AE767E}"
EndProject
Project("{9A19103F-16F7-4668-BE54-9A1E7A4F7556}") = "Voyager.DBConnection.Logger.Test", "test\Voyager.DBConnection.Logger.Test\Voyager.DBConnection.Logger.Test.csproj", "{248BD9B9-C01D-4E05-97B2-A5179C8CB031}"
EndProject
Project("{FAE04EC0-301F-11D3-BF4B-00C04F79EFBC}") = "Voyager.MockDBProvider", "test\Voyager.MockDBProvider\Voyager.MockDBProvider.csproj", "{CD8CEF94-CE27-452F-BD5D-5789788DE892}"
EndProject
Global
	GlobalSection(SolutionConfigurationPlatforms) = preSolution
		Debug|Any CPU = Debug|Any CPU
		Release|Any CPU = Release|Any CPU
	EndGlobalSection
	GlobalSection(ProjectConfigurationPlatforms) = postSolution
		{25E2A1B7-B984-465A-9B18-FFD3BE7A6DF8}.Debug|Any CPU.ActiveCfg = Debug|Any CPU
		{25E2A1B7-B984-465A-9B18-FFD3BE7A6DF8}.Debug|Any CPU.Build.0 = Debug|Any CPU
		{25E2A1B7-B984-465A-9B18-FFD3BE7A6DF8}.Release|Any CPU.ActiveCfg = Release|Any CPU
		{25E2A1B7-B984-465A-9B18-FFD3BE7A6DF8}.Release|Any CPU.Build.0 = Release|Any CPU
		{13C336D5-9006-4BD4-BE04-1F1FAD76F32F}.Debug|Any CPU.ActiveCfg = Debug|Any CPU
		{13C336D5-9006-4BD4-BE04-1F1FAD76F32F}.Debug|Any CPU.Build.0 = Debug|Any CPU
		{13C336D5-9006-4BD4-BE04-1F1FAD76F32F}.Release|Any CPU.ActiveCfg = Release|Any CPU
		{13C336D5-9006-4BD4-BE04-1F1FAD76F32F}.Release|Any CPU.Build.0 = Release|Any CPU
		{C24ABF1D-0D65-4D13-8358-942C21F9A7C1}.Debug|Any CPU.ActiveCfg = Debug|Any CPU
		{C24ABF1D-0D65-4D13-8358-942C21F9A7C1}.Debug|Any CPU.Build.0 = Debug|Any CPU
		{C24ABF1D-0D65-4D13-8358-942C21F9A7C1}.Release|Any CPU.ActiveCfg = Release|Any CPU
		{C24ABF1D-0D65-4D13-8358-942C21F9A7C1}.Release|Any CPU.Build.0 = Release|Any CPU
		{8C1AFB40-01F6-46D6-B745-5C8952AE767E}.Debug|Any CPU.ActiveCfg = Debug|Any CPU
		{8C1AFB40-01F6-46D6-B745-5C8952AE767E}.Debug|Any CPU.Build.0 = Debug|Any CPU
		{8C1AFB40-01F6-46D6-B745-5C8952AE767E}.Release|Any CPU.ActiveCfg = Release|Any CPU
		{8C1AFB40-01F6-46D6-B745-5C8952AE767E}.Release|Any CPU.Build.0 = Release|Any CPU
		{248BD9B9-C01D-4E05-97B2-A5179C8CB031}.Debug|Any CPU.ActiveCfg = Debug|Any CPU
		{248BD9B9-C01D-4E05-97B2-A5179C8CB031}.Debug|Any CPU.Build.0 = Debug|Any CPU
		{248BD9B9-C01D-4E05-97B2-A5179C8CB031}.Release|Any CPU.ActiveCfg = Release|Any CPU
		{248BD9B9-C01D-4E05-97B2-A5179C8CB031}.Release|Any CPU.Build.0 = Release|Any CPU
		{CD8CEF94-CE27-452F-BD5D-5789788DE892}.Debug|Any CPU.ActiveCfg = Debug|Any CPU
		{CD8CEF94-CE27-452F-BD5D-5789788DE892}.Debug|Any CPU.Build.0 = Debug|Any CPU
		{CD8CEF94-CE27-452F-BD5D-5789788DE892}.Release|Any CPU.ActiveCfg = Release|Any CPU
		{CD8CEF94-CE27-452F-BD5D-5789788DE892}.Release|Any CPU.Build.0 = Release|Any CPU
	EndGlobalSection
	GlobalSection(SolutionProperties) = preSolution
		HideSolutionNode = FALSE
	EndGlobalSection
	GlobalSection(NestedProjects) = preSolution
		{25E2A1B7-B984-465A-9B18-FFD3BE7A6DF8} = {925A5098-028F-44D9-9AFE-0314C34A678D}
		{13C336D5-9006-4BD4-BE04-1F1FAD76F32F} = {925A5098-028F-44D9-9AFE-0314C34A678D}
		{C24ABF1D-0D65-4D13-8358-942C21F9A7C1} = {925A5098-028F-44D9-9AFE-0314C34A678D}
		{8C1AFB40-01F6-46D6-B745-5C8952AE767E} = {7C37BE89-B2D6-4627-89DF-89CD4F40F968}
		{248BD9B9-C01D-4E05-97B2-A5179C8CB031} = {7C37BE89-B2D6-4627-89DF-89CD4F40F968}
		{CD8CEF94-CE27-452F-BD5D-5789788DE892} = {7C37BE89-B2D6-4627-89DF-89CD4F40F968}
	EndGlobalSection
	GlobalSection(ExtensibilityGlobals) = postSolution
		SolutionGuid = {F0690B12-FB9B-4D30-B8BB-5C9ABFA5A8C4}
	EndGlobalSection
EndGlobal
