
Microsoft Visual Studio Solution File, Format Version 12.00
# Visual Studio Version 18
VisualStudioVersion = 18.3.11310.294
MinimumVisualStudioVersion = 10.0.40219.1
Project("{9A19103F-16F7-4668-BE54-9A1E7A4F7556}") = "Voyager.DBConnection", "src\Voyager.DBConnection\Voyager.DBConnection.csproj", "{25E2A1B7-B984-465A-9B18-FFD3BE7A6DF8}"
EndProject
Project("{2150E333-8FDC-42A3-9474-1A3956D46DE8}") = "src", "src", "{925A5098-028F-44D9-9AFE-0314C34A678D}"
EndProject
Project("{9A19103F-16F7-4668-BE54-9A1E7A4F7556}") = "Voyager.DBConnection.Test", "tests\Voyager.DBConnection.Test\Voyager.DBConnection.Test.csproj", "{8C1AFB40-01F6-46D6-B745-5C8952AE767E}"
EndProject
Project("{2150E333-8FDC-42A3-9474-1A3956D46DE8}") = "Solution Items", "Solution Items", "{09A5A4D5-2B61-48CC-A878-98064AB31F03}"
EndProject
Project("{2150E333-8FDC-42A3-9474-1A3956D46DE8}") = "tests", "tests", "{0AB3BF05-4346-4AA6-1389-037BE0695223}"
EndProject
Project("{FAE04EC0-301F-11D3-BF4B-00C04F79EFBC}") = "Voyager.DBConnection.IntegrationTests", "tests\Voyager.DBConnection.IntegrationTests\Voyager.DBConnection.IntegrationTests.csproj", "{301DD113-6EED-443D-8AAF-99D61EC1CD31}"
EndProject
Project("{FAE04EC0-301F-11D3-BF4B-00C04F79EFBC}") = "Voyager.DBConnection.MsSql", "src\Voyager.DBConnection.MsSql\Voyager.DBConnection.MsSql.csproj", "{0BD9B2CD-4F87-4787-A17A-41FFE88658CD}"
EndProject
Project("{FAE04EC0-301F-11D3-BF4B-00C04F79EFBC}") = "Voyager.DBConnection.MsSql.IntegrationTests", "tests\Voyager.DBConnection.MsSql.IntegrationTests\Voyager.DBConnection.MsSql.IntegrationTests.csproj", "{34848270-BC70-426D-9574-6484D6A40C9E}"
EndProject
Project("{FAE04EC0-301F-11D3-BF4B-00C04F79EFBC}") = "Voyager.DBConnection.Oracle", "src\Voyager.DBConnection.Oracle\Voyager.DBConnection.Oracle.csproj", "{CBF514B9-9DC3-45FE-A6E2-3F91C945B00D}"
EndProject
Project("{FAE04EC0-301F-11D3-BF4B-00C04F79EFBC}") = "Voyager.DBConnection.PostgreSql", "src\Voyager.DBConnection.PostgreSql\Voyager.DBConnection.PostgreSql.csproj", "{D94C5E24-A35E-4716-9400-0D353B391AD6}"
EndProject
Project("{FAE04EC0-301F-11D3-BF4B-00C04F79EFBC}") = "Voyager.DBConnection.MySql", "src\Voyager.DBConnection.MySql\Voyager.DBConnection.MySql.csproj", "{AFA93B49-5881-40EB-8BDD-122D86FAAC4C}"
EndProject
Project("{FAE04EC0-301F-11D3-BF4B-00C04F79EFBC}") = "Voyager.DBConnection.Oracle.IntegrationTests", "tests\Voyager.DBConnection.Oracle.IntegrationTests\Voyager.DBConnection.Oracle.IntegrationTests.csproj", "{DD02E30B-A189-439E-B422-6B143C48E8D1}"
EndProject
Project("{FAE04EC0-301F-11D3-BF4B-00C04F79EFBC}") = "Voyager.DBConnection.PostgreSql.IntegrationTests", "tests\Voyager.DBConnection.PostgreSql.IntegrationTests\Voyager.DBConnection.PostgreSql.IntegrationTests.csproj", "{39909C87-DAAE-4732-B4D8-7F61369752D7}"
EndProject
Project("{FAE04EC0-301F-11D3-BF4B-00C04F79EFBC}") = "Voyager.DBConnection.MySql.IntegrationTests", "tests\Voyager.DBConnection.MySql.IntegrationTests\Voyager.DBConnection.MySql.IntegrationTests.csproj", "{9C6BA156-09DC-43A6-8349-66C1C7C4F193}"
EndProject
Global
	GlobalSection(SolutionConfigurationPlatforms) = preSolution
		Debug|Any CPU = Debug|Any CPU
		Debug|x64 = Debug|x64
		Debug|x86 = Debug|x86
		Release|Any CPU = Release|Any CPU
		Release|x64 = Release|x64
		Release|x86 = Release|x86
	EndGlobalSection
	GlobalSection(ProjectConfigurationPlatforms) = postSolution
		{25E2A1B7-B984-465A-9B18-FFD3BE7A6DF8}.Debug|Any CPU.ActiveCfg = Debug|Any CPU
		{25E2A1B7-B984-465A-9B18-FFD3BE7A6DF8}.Debug|Any CPU.Build.0 = Debug|Any CPU
		{25E2A1B7-B984-465A-9B18-FFD3BE7A6DF8}.Debug|x64.ActiveCfg = Debug|Any CPU
		{25E2A1B7-B984-465A-9B18-FFD3BE7A6DF8}.Debug|x64.Build.0 = Debug|Any CPU
		{25E2A1B7-B984-465A-9B18-FFD3BE7A6DF8}.Debug|x86.ActiveCfg = Debug|Any CPU
		{25E2A1B7-B984-465A-9B18-FFD3BE7A6DF8}.Debug|x86.Build.0 = Debug|Any CPU
		{25E2A1B7-B984-465A-9B18-FFD3BE7A6DF8}.Release|Any CPU.ActiveCfg = Release|Any CPU
		{25E2A1B7-B984-465A-9B18-FFD3BE7A6DF8}.Release|Any CPU.Build.0 = Release|Any CPU
		{25E2A1B7-B984-465A-9B18-FFD3BE7A6DF8}.Release|x64.ActiveCfg = Release|Any CPU
		{25E2A1B7-B984-465A-9B18-FFD3BE7A6DF8}.Release|x64.Build.0 = Release|Any CPU
		{25E2A1B7-B984-465A-9B18-FFD3BE7A6DF8}.Release|x86.ActiveCfg = Release|Any CPU
		{25E2A1B7-B984-465A-9B18-FFD3BE7A6DF8}.Release|x86.Build.0 = Release|Any CPU
		{8C1AFB40-01F6-46D6-B745-5C8952AE767E}.Debug|Any CPU.ActiveCfg = Debug|Any CPU
		{8C1AFB40-01F6-46D6-B745-5C8952AE767E}.Debug|Any CPU.Build.0 = Debug|Any CPU
		{8C1AFB40-01F6-46D6-B745-5C8952AE767E}.Debug|x64.ActiveCfg = Debug|Any CPU
		{8C1AFB40-01F6-46D6-B745-5C8952AE767E}.Debug|x64.Build.0 = Debug|Any CPU
		{8C1AFB40-01F6-46D6-B745-5C8952AE767E}.Debug|x86.ActiveCfg = Debug|Any CPU
		{8C1AFB40-01F6-46D6-B745-5C8952AE767E}.Debug|x86.Build.0 = Debug|Any CPU
		{8C1AFB40-01F6-46D6-B745-5C8952AE767E}.Release|Any CPU.ActiveCfg = Release|Any CPU
		{8C1AFB40-01F6-46D6-B745-5C8952AE767E}.Release|Any CPU.Build.0 = Release|Any CPU
		{8C1AFB40-01F6-46D6-B745-5C8952AE767E}.Release|x64.ActiveCfg = Release|Any CPU
		{8C1AFB40-01F6-46D6-B745-5C8952AE767E}.Release|x64.Build.0 = Release|Any CPU
		{8C1AFB40-01F6-46D6-B745-5C8952AE767E}.Release|x86.ActiveCfg = Release|Any CPU
		{8C1AFB40-01F6-46D6-B745-5C8952AE767E}.Release|x86.Build.0 = Release|Any CPU
		{301DD113-6EED-443D-8AAF-99D61EC1CD31}.Debug|Any CPU.ActiveCfg = Debug|Any CPU
		{301DD113-6EED-443D-8AAF-99D61EC1CD31}.Debug|Any CPU.Build.0 = Debug|Any CPU
		{301DD113-6EED-443D-8AAF-99D61EC1CD31}.Debug|x64.ActiveCfg = Debug|Any CPU
		{301DD113-6EED-443D-8AAF-99D61EC1CD31}.Debug|x64.Build.0 = Debug|Any CPU
		{301DD113-6EED-443D-8AAF-99D61EC1CD31}.Debug|x86.ActiveCfg = Debug|Any CPU
		{301DD113-6EED-443D-8AAF-99D61EC1CD31}.Debug|x86.Build.0 = Debug|Any CPU
		{301DD113-6EED-443D-8AAF-99D61EC1CD31}.Release|Any CPU.ActiveCfg = Release|Any CPU
		{301DD113-6EED-443D-8AAF-99D61EC1CD31}.Release|Any CPU.Build.0 = Release|Any CPU
		{301DD113-6EED-443D-8AAF-99D61EC1CD31}.Release|x64.ActiveCfg = Release|Any CPU
		{301DD113-6EED-443D-8AAF-99D61EC1CD31}.Release|x64.Build.0 = Release|Any CPU
		{301DD113-6EED-443D-8AAF-99D61EC1CD31}.Release|x86.ActiveCfg = Release|Any CPU
		{301DD113-6EED-443D-8AAF-99D61EC1CD31}.Release|x86.Build.0 = Release|Any CPU
		{0BD9B2CD-4F87-4787-A17A-41FFE88658CD}.Debug|Any CPU.ActiveCfg = Debug|Any CPU
		{0BD9B2CD-4F87-4787-A17A-41FFE88658CD}.Debug|Any CPU.Build.0 = Debug|Any CPU
		{0BD9B2CD-4F87-4787-A17A-41FFE88658CD}.Debug|x64.ActiveCfg = Debug|Any CPU
		{0BD9B2CD-4F87-4787-A17A-41FFE88658CD}.Debug|x64.Build.0 = Debug|Any CPU
		{0BD9B2CD-4F87-4787-A17A-41FFE88658CD}.Debug|x86.ActiveCfg = Debug|Any CPU
		{0BD9B2CD-4F87-4787-A17A-41FFE88658CD}.Debug|x86.Build.0 = Debug|Any CPU
		{0BD9B2CD-4F87-4787-A17A-41FFE88658CD}.Release|Any CPU.ActiveCfg = Release|Any CPU
		{0BD9B2CD-4F87-4787-A17A-41FFE88658CD}.Release|Any CPU.Build.0 = Release|Any CPU
		{0BD9B2CD-4F87-4787-A17A-41FFE88658CD}.Release|x64.ActiveCfg = Release|Any CPU
		{0BD9B2CD-4F87-4787-A17A-41FFE88658CD}.Release|x64.Build.0 = Release|Any CPU
		{0BD9B2CD-4F87-4787-A17A-41FFE88658CD}.Release|x86.ActiveCfg = Release|Any CPU
		{0BD9B2CD-4F87-4787-A17A-41FFE88658CD}.Release|x86.Build.0 = Release|Any CPU
		{34848270-BC70-426D-9574-6484D6A40C9E}.Debug|Any CPU.ActiveCfg = Debug|Any CPU
		{34848270-BC70-426D-9574-6484D6A40C9E}.Debug|Any CPU.Build.0 = Debug|Any CPU
		{34848270-BC70-426D-9574-6484D6A40C9E}.Debug|x64.ActiveCfg = Debug|Any CPU
		{34848270-BC70-426D-9574-6484D6A40C9E}.Debug|x64.Build.0 = Debug|Any CPU
		{34848270-BC70-426D-9574-6484D6A40C9E}.Debug|x86.ActiveCfg = Debug|Any CPU
		{34848270-BC70-426D-9574-6484D6A40C9E}.Debug|x86.Build.0 = Debug|Any CPU
		{34848270-BC70-426D-9574-6484D6A40C9E}.Release|Any CPU.ActiveCfg = Release|Any CPU
		{34848270-BC70-426D-9574-6484D6A40C9E}.Release|Any CPU.Build.0 = Release|Any CPU
		{34848270-BC70-426D-9574-6484D6A40C9E}.Release|x64.ActiveCfg = Release|Any CPU
		{34848270-BC70-426D-9574-6484D6A40C9E}.Release|x64.Build.0 = Release|Any CPU
		{34848270-BC70-426D-9574-6484D6A40C9E}.Release|x86.ActiveCfg = Release|Any CPU
		{34848270-BC70-426D-9574-6484D6A40C9E}.Release|x86.Build.0 = Release|Any CPU
		{CBF514B9-9DC3-45FE-A6E2-3F91C945B00D}.Debug|Any CPU.ActiveCfg = Debug|Any CPU
		{CBF514B9-9DC3-45FE-A6E2-3F91C945B00D}.Debug|Any CPU.Build.0 = Debug|Any CPU
		{CBF514B9-9DC3-45FE-A6E2-3F91C945B00D}.Debug|x64.ActiveCfg = Debug|Any CPU
		{CBF514B9-9DC3-45FE-A6E2-3F91C945B00D}.Debug|x64.Build.0 = Debug|Any CPU
		{CBF514B9-9DC3-45FE-A6E2-3F91C945B00D}.Debug|x86.ActiveCfg = Debug|Any CPU
		{CBF514B9-9DC3-45FE-A6E2-3F91C945B00D}.Debug|x86.Build.0 = Debug|Any CPU
		{CBF514B9-9DC3-45FE-A6E2-3F91C945B00D}.Release|Any CPU.ActiveCfg = Release|Any CPU
		{CBF514B9-9DC3-45FE-A6E2-3F91C945B00D}.Release|Any CPU.Build.0 = Release|Any CPU
		{CBF514B9-9DC3-45FE-A6E2-3F91C945B00D}.Release|x64.ActiveCfg = Release|Any CPU
		{CBF514B9-9DC3-45FE-A6E2-3F91C945B00D}.Release|x64.Build.0 = Release|Any CPU
		{CBF514B9-9DC3-45FE-A6E2-3F91C945B00D}.Release|x86.ActiveCfg = Release|Any CPU
		{CBF514B9-9DC3-45FE-A6E2-3F91C945B00D}.Release|x86.Build.0 = Release|Any CPU
		{D94C5E24-A35E-4716-9400-0D353B391AD6}.Debug|Any CPU.ActiveCfg = Debug|Any CPU
		{D94C5E24-A35E-4716-9400-0D353B391AD6}.Debug|Any CPU.Build.0 = Debug|Any CPU
		{D94C5E24-A35E-4716-9400-0D353B391AD6}.Debug|x64.ActiveCfg = Debug|Any CPU
		{D94C5E24-A35E-4716-9400-0D353B391AD6}.Debug|x64.Build.0 = Debug|Any CPU
		{D94C5E24-A35E-4716-9400-0D353B391AD6}.Debug|x86.ActiveCfg = Debug|Any CPU
		{D94C5E24-A35E-4716-9400-0D353B391AD6}.Debug|x86.Build.0 = Debug|Any CPU
		{D94C5E24-A35E-4716-9400-0D353B391AD6}.Release|Any CPU.ActiveCfg = Release|Any CPU
		{D94C5E24-A35E-4716-9400-0D353B391AD6}.Release|Any CPU.Build.0 = Release|Any CPU
		{D94C5E24-A35E-4716-9400-0D353B391AD6}.Release|x64.ActiveCfg = Release|Any CPU
		{D94C5E24-A35E-4716-9400-0D353B391AD6}.Release|x64.Build.0 = Release|Any CPU
		{D94C5E24-A35E-4716-9400-0D353B391AD6}.Release|x86.ActiveCfg = Release|Any CPU
		{D94C5E24-A35E-4716-9400-0D353B391AD6}.Release|x86.Build.0 = Release|Any CPU
		{AFA93B49-5881-40EB-8BDD-122D86FAAC4C}.Debug|Any CPU.ActiveCfg = Debug|Any CPU
		{AFA93B49-5881-40EB-8BDD-122D86FAAC4C}.Debug|Any CPU.Build.0 = Debug|Any CPU
		{AFA93B49-5881-40EB-8BDD-122D86FAAC4C}.Debug|x64.ActiveCfg = Debug|Any CPU
		{AFA93B49-5881-40EB-8BDD-122D86FAAC4C}.Debug|x64.Build.0 = Debug|Any CPU
		{AFA93B49-5881-40EB-8BDD-122D86FAAC4C}.Debug|x86.ActiveCfg = Debug|Any CPU
		{AFA93B49-5881-40EB-8BDD-122D86FAAC4C}.Debug|x86.Build.0 = Debug|Any CPU
		{AFA93B49-5881-40EB-8BDD-122D86FAAC4C}.Release|Any CPU.ActiveCfg = Release|Any CPU
		{AFA93B49-5881-40EB-8BDD-122D86FAAC4C}.Release|Any CPU.Build.0 = Release|Any CPU
		{AFA93B49-5881-40EB-8BDD-122D86FAAC4C}.Release|x64.ActiveCfg = Release|Any CPU
		{AFA93B49-5881-40EB-8BDD-122D86FAAC4C}.Release|x64.Build.0 = Release|Any CPU
		{AFA93B49-5881-40EB-8BDD-122D86FAAC4C}.Release|x86.ActiveCfg = Release|Any CPU
		{AFA93B49-5881-40EB-8BDD-122D86FAAC4C}.Release|x86.Build.0 = Release|Any CPU
		{DD02E30B-A189-439E-B422-6B143C48E8D1}.Debug|Any CPU.ActiveCfg = Debug|Any CPU
		{DD02E30B-A189-439E-B422-6B143C48E8D1}.Debug|Any CPU.Build.0 = Debug|Any CPU
		{DD02E30B-A189-439E-B422-6B143C48E8D1}.Debug|x64.ActiveCfg = Debug|Any CPU
		{DD02E30B-A189-439E-B422-6B143C48E8D1}.Debug|x64.Build.0 = Debug|Any CPU
		{DD02E30B-A189-439E-B422-6B143C48E8D1}.Debug|x86.ActiveCfg = Debug|Any CPU
		{DD02E30B-A189-439E-B422-6B143C48E8D1}.Debug|x86.Build.0 = Debug|Any CPU
		{DD02E30B-A189-439E-B422-6B143C48E8D1}.Release|Any CPU.ActiveCfg = Release|Any CPU
		{DD02E30B-A189-439E-B422-6B143C48E8D1}.Release|Any CPU.Build.0 = Release|Any CPU
		{DD02E30B-A189-439E-B422-6B143C48E8D1}.Release|x64.ActiveCfg = Release|Any CPU
		{DD02E30B-A189-439E-B422-6B143C48E8D1}.Release|x64.Build.0 = Release|Any CPU
		{DD02E30B-A189-439E-B422-6B143C48E8D1}.Release|x86.ActiveCfg = Release|Any CPU
		{DD02E30B-A189-439E-B422-6B143C48E8D1}.Release|x86.Build.0 = Release|Any CPU
		{39909C87-DAAE-4732-B4D8-7F61369752D7}.Debug|Any CPU.ActiveCfg = Debug|Any CPU
		{39909C87-DAAE-4732-B4D8-7F61369752D7}.Debug|Any CPU.Build.0 = Debug|Any CPU
		{39909C87-DAAE-4732-B4D8-7F61369752D7}.Debug|x64.ActiveCfg = Debug|Any CPU
		{39909C87-DAAE-4732-B4D8-7F61369752D7}.Debug|x64.Build.0 = Debug|Any CPU
		{39909C87-DAAE-4732-B4D8-7F61369752D7}.Debug|x86.ActiveCfg = Debug|Any CPU
		{39909C87-DAAE-4732-B4D8-7F61369752D7}.Debug|x86.Build.0 = Debug|Any CPU
		{39909C87-DAAE-4732-B4D8-7F61369752D7}.Release|Any CPU.ActiveCfg = Release|Any CPU
		{39909C87-DAAE-4732-B4D8-7F61369752D7}.Release|Any CPU.Build.0 = Release|Any CPU
		{39909C87-DAAE-4732-B4D8-7F61369752D7}.Release|x64.ActiveCfg = Release|Any CPU
		{39909C87-DAAE-4732-B4D8-7F61369752D7}.Release|x64.Build.0 = Release|Any CPU
		{39909C87-DAAE-4732-B4D8-7F61369752D7}.Release|x86.ActiveCfg = Release|Any CPU
		{39909C87-DAAE-4732-B4D8-7F61369752D7}.Release|x86.Build.0 = Release|Any CPU
		{9C6BA156-09DC-43A6-8349-66C1C7C4F193}.Debug|Any CPU.ActiveCfg = Debug|Any CPU
		{9C6BA156-09DC-43A6-8349-66C1C7C4F193}.Debug|Any CPU.Build.0 = Debug|Any CPU
		{9C6BA156-09DC-43A6-8349-66C1C7C4F193}.Debug|x64.ActiveCfg = Debug|Any CPU
		{9C6BA156-09DC-43A6-8349-66C1C7C4F193}.Debug|x64.Build.0 = Debug|Any CPU
		{9C6BA156-09DC-43A6-8349-66C1C7C4F193}.Debug|x86.ActiveCfg = Debug|Any CPU
		{9C6BA156-09DC-43A6-8349-66C1C7C4F193}.Debug|x86.Build.0 = Debug|Any CPU
		{9C6BA156-09DC-43A6-8349-66C1C7C4F193}.Release|Any CPU.ActiveCfg = Release|Any CPU
		{9C6BA156-09DC-43A6-8349-66C1C7C4F193}.Release|Any CPU.Build.0 = Release|Any CPU
		{9C6BA156-09DC-43A6-8349-66C1C7C4F193}.Release|x64.ActiveCfg = Release|Any CPU
		{9C6BA156-09DC-43A6-8349-66C1C7C4F193}.Release|x64.Build.0 = Release|Any CPU
		{9C6BA156-09DC-43A6-8349-66C1C7C4F193}.Release|x86.ActiveCfg = Release|Any CPU
		{9C6BA156-09DC-43A6-8349-66C1C7C4F193}.Release|x86.Build.0 = Release|Any CPU
	EndGlobalSection
	GlobalSection(SolutionProperties) = preSolution
		HideSolutionNode = FALSE
	EndGlobalSection
	GlobalSection(NestedProjects) = preSolution
		{25E2A1B7-B984-465A-9B18-FFD3BE7A6DF8} = {925A5098-028F-44D9-9AFE-0314C34A678D}
		{8C1AFB40-01F6-46D6-B745-5C8952AE767E} = {0AB3BF05-4346-4AA6-1389-037BE0695223}
		{301DD113-6EED-443D-8AAF-99D61EC1CD31} = {0AB3BF05-4346-4AA6-1389-037BE0695223}
		{0BD9B2CD-4F87-4787-A17A-41FFE88658CD} = {925A5098-028F-44D9-9AFE-0314C34A678D}
		{34848270-BC70-426D-9574-6484D6A40C9E} = {0AB3BF05-4346-4AA6-1389-037BE0695223}
		{CBF514B9-9DC3-45FE-A6E2-3F91C945B00D} = {925A5098-028F-44D9-9AFE-0314C34A678D}
		{D94C5E24-A35E-4716-9400-0D353B391AD6} = {925A5098-028F-44D9-9AFE-0314C34A678D}
		{AFA93B49-5881-40EB-8BDD-122D86FAAC4C} = {925A5098-028F-44D9-9AFE-0314C34A678D}
		{DD02E30B-A189-439E-B422-6B143C48E8D1} = {0AB3BF05-4346-4AA6-1389-037BE0695223}
		{39909C87-DAAE-4732-B4D8-7F61369752D7} = {0AB3BF05-4346-4AA6-1389-037BE0695223}
		{9C6BA156-09DC-43A6-8349-66C1C7C4F193} = {0AB3BF05-4346-4AA6-1389-037BE0695223}
	EndGlobalSection
	GlobalSection(ExtensibilityGlobals) = postSolution
		SolutionGuid = {F0690B12-FB9B-4D30-B8BB-5C9ABFA5A8C4}
	EndGlobalSection
EndGlobal
